
Microsoft Visual Studio Solution File, Format Version 12.00
# Visual Studio Version 17
VisualStudioVersion = 17.0.31611.283
MinimumVisualStudioVersion = 10.0.40219.1
Project("{9A19103F-16F7-4668-BE54-9A1E7A4F7556}") = "Construction_Ke", "Construction_Ke\Construction_Ke.csproj", "{7050565F-9FE4-4B8D-B01A-CB4FC24CB583}"
EndProject
Project("{2150E333-8FDC-42A3-9474-1A3956D46DE8}") = "Solution Items", "Solution Items", "{4E52AAC1-B756-4D27-A880-57B68911E977}"
EndProject
Global
	GlobalSection(SolutionConfigurationPlatforms) = preSolution
		ConstructionKe|Any CPU = ConstructionKe|Any CPU
		Debug|Any CPU = Debug|Any CPU
		Release|Any CPU = Release|Any CPU
	EndGlobalSection
	GlobalSection(ProjectConfigurationPlatforms) = postSolution
		{7050565F-9FE4-4B8D-B01A-CB4FC24CB583}.ConstructionKe|Any CPU.ActiveCfg = Debug|Any CPU
		{7050565F-9FE4-4B8D-B01A-CB4FC24CB583}.ConstructionKe|Any CPU.Build.0 = Debug|Any CPU
		{7050565F-9FE4-4B8D-B01A-CB4FC24CB583}.ConstructionKe|Any CPU.Deploy.0 = Debug|Any CPU
		{7050565F-9FE4-4B8D-B01A-CB4FC24CB583}.Debug|Any CPU.ActiveCfg = Debug|Any CPU
		{7050565F-9FE4-4B8D-B01A-CB4FC24CB583}.Debug|Any CPU.Build.0 = Debug|Any CPU
		{7050565F-9FE4-4B8D-B01A-CB4FC24CB583}.Debug|Any CPU.Deploy.0 = Debug|Any CPU
		{7050565F-9FE4-4B8D-B01A-CB4FC24CB583}.Release|Any CPU.ActiveCfg = Release|Any CPU
		{7050565F-9FE4-4B8D-B01A-CB4FC24CB583}.Release|Any CPU.Build.0 = Release|Any CPU
		{7050565F-9FE4-4B8D-B01A-CB4FC24CB583}.Release|Any CPU.Deploy.0 = Release|Any CPU
	EndGlobalSection
	GlobalSection(SolutionProperties) = preSolution
		HideSolutionNode = FALSE
	EndGlobalSection
	GlobalSection(ExtensibilityGlobals) = postSolution
		SolutionGuid = {61F7FB11-1E47-470C-91E2-47F8143E1572}
	EndGlobalSection
EndGlobal
